
Microsoft Visual Studio Solution File, Format Version 12.00
# Visual Studio Version 16
VisualStudioVersion = 16.0.29503.13
MinimumVisualStudioVersion = 10.0.40219.1
Project("{FAE04EC0-301F-11D3-BF4B-00C04F79EFBC}") = "IdeaRS.OpenModel", "IdeaRS.OpenModel.csproj", "{17D1C1FD-771D-4934-B8DA-C972A547B442}"
EndProject
Global
	GlobalSection(SolutionConfigurationPlatforms) = preSolution
		Debug|Any CPU = Debug|Any CPU
		Debug|x64 = Debug|x64
		Release|Any CPU = Release|Any CPU
		Release|x64 = Release|x64
	EndGlobalSection
	GlobalSection(ProjectConfigurationPlatforms) = postSolution
		{7879B316-56A2-4172-AF85-653198E3A403}.Debug|Any CPU.ActiveCfg = Debug|Any CPU
		{7879B316-56A2-4172-AF85-653198E3A403}.Debug|Any CPU.Build.0 = Debug|Any CPU
		{7879B316-56A2-4172-AF85-653198E3A403}.Debug|x64.ActiveCfg = Debug|x64
		{7879B316-56A2-4172-AF85-653198E3A403}.Debug|x64.Build.0 = Debug|x64
		{7879B316-56A2-4172-AF85-653198E3A403}.Release|Any CPU.ActiveCfg = Release|Any CPU
		{7879B316-56A2-4172-AF85-653198E3A403}.Release|Any CPU.Build.0 = Release|Any CPU
		{7879B316-56A2-4172-AF85-653198E3A403}.Release|x64.ActiveCfg = Release|x64
		{7879B316-56A2-4172-AF85-653198E3A403}.Release|x64.Build.0 = Release|x64
		{17D1C1FD-771D-4934-B8DA-C972A547B442}.Debug|Any CPU.ActiveCfg = Debug|Any CPU
		{17D1C1FD-771D-4934-B8DA-C972A547B442}.Debug|Any CPU.Build.0 = Debug|Any CPU
		{17D1C1FD-771D-4934-B8DA-C972A547B442}.Debug|x64.ActiveCfg = Debug|Any CPU
		{17D1C1FD-771D-4934-B8DA-C972A547B442}.Debug|x64.Build.0 = Debug|Any CPU
		{17D1C1FD-771D-4934-B8DA-C972A547B442}.Release|Any CPU.ActiveCfg = Release|Any CPU
		{17D1C1FD-771D-4934-B8DA-C972A547B442}.Release|Any CPU.Build.0 = Release|Any CPU
		{17D1C1FD-771D-4934-B8DA-C972A547B442}.Release|x64.ActiveCfg = Release|Any CPU
		{17D1C1FD-771D-4934-B8DA-C972A547B442}.Release|x64.Build.0 = Release|Any CPU
	EndGlobalSection
	GlobalSection(SolutionProperties) = preSolution
		HideSolutionNode = FALSE
	EndGlobalSection
	GlobalSection(ExtensibilityGlobals) = postSolution
		SolutionGuid = {37EB66D2-5900-4F4E-812D-37545F06F015}
	EndGlobalSection
EndGlobal
