
Microsoft Visual Studio Solution File, Format Version 12.00
# Visual Studio Version 16
VisualStudioVersion = 16.0.29709.97
MinimumVisualStudioVersion = 10.0.40219.1
Project("{9A19103F-16F7-4668-BE54-9A1E7A4F7556}") = "IdeaRS.OpenModel", "IdeaRS.OpenModel\IdeaRS.OpenModel.csproj", "{9E155887-EF29-422B-B78F-A7F9952A5D74}"
EndProject
Global
	GlobalSection(SolutionConfigurationPlatforms) = preSolution
		Debug|Any CPU = Debug|Any CPU
		Release|Any CPU = Release|Any CPU
	EndGlobalSection
	GlobalSection(ProjectConfigurationPlatforms) = postSolution
		{9E155887-EF29-422B-B78F-A7F9952A5D74}.Debug|Any CPU.ActiveCfg = Debug|Any CPU
		{9E155887-EF29-422B-B78F-A7F9952A5D74}.Debug|Any CPU.Build.0 = Debug|Any CPU
		{9E155887-EF29-422B-B78F-A7F9952A5D74}.Release|Any CPU.ActiveCfg = Release|Any CPU
		{9E155887-EF29-422B-B78F-A7F9952A5D74}.Release|Any CPU.Build.0 = Release|Any CPU
	EndGlobalSection
	GlobalSection(SolutionProperties) = preSolution
		HideSolutionNode = FALSE
	EndGlobalSection
	GlobalSection(ExtensibilityGlobals) = postSolution
		SolutionGuid = {35E83225-B5A3-430D-9B52-8363020D36BC}
	EndGlobalSection
EndGlobal
