
Microsoft Visual Studio Solution File, Format Version 12.00
# Visual Studio 2012
Project("{FAE04EC0-301F-11D3-BF4B-00C04F79EFBC}") = "BeamSampleIOM", "BeamSampleIOM\BeamSampleIOM.csproj", "{29D2D357-C400-4CE7-955E-24844B5C02EC}"
EndProject
Global
	GlobalSection(SolutionConfigurationPlatforms) = preSolution
		Debug|Any CPU = Debug|Any CPU
		Release|Any CPU = Release|Any CPU
	EndGlobalSection
	GlobalSection(ProjectConfigurationPlatforms) = postSolution
		{29D2D357-C400-4CE7-955E-24844B5C02EC}.Debug|Any CPU.ActiveCfg = Debug|Any CPU
		{29D2D357-C400-4CE7-955E-24844B5C02EC}.Debug|Any CPU.Build.0 = Debug|Any CPU
		{29D2D357-C400-4CE7-955E-24844B5C02EC}.Release|Any CPU.ActiveCfg = Release|Any CPU
		{29D2D357-C400-4CE7-955E-24844B5C02EC}.Release|Any CPU.Build.0 = Release|Any CPU
	EndGlobalSection
	GlobalSection(SolutionProperties) = preSolution
		HideSolutionNode = FALSE
	EndGlobalSection
EndGlobal
